
Microsoft Visual Studio Solution File, Format Version 12.00
# Visual Studio Version 17
VisualStudioVersion = 17.7.34302.85
MinimumVisualStudioVersion = 10.0.40219.1
Project("{FAE04EC0-301F-11D3-BF4B-00C04F79EFBC}") = "Transco.Api", "Transco.Api\Transco.Api.csproj", "{0D5454AF-D583-4A64-8C7E-1F59FB550057}"
EndProject
Project("{FAE04EC0-301F-11D3-BF4B-00C04F79EFBC}") = "Transco.Data", "Transco.Data\Transco.Data.csproj", "{CF99B648-0B39-4464-A496-61F418215B15}"
EndProject
Global
	GlobalSection(SolutionConfigurationPlatforms) = preSolution
		Debug|Any CPU = Debug|Any CPU
		Release|Any CPU = Release|Any CPU
	EndGlobalSection
	GlobalSection(ProjectConfigurationPlatforms) = postSolution
		{0D5454AF-D583-4A64-8C7E-1F59FB550057}.Debug|Any CPU.ActiveCfg = Debug|Any CPU
		{0D5454AF-D583-4A64-8C7E-1F59FB550057}.Debug|Any CPU.Build.0 = Debug|Any CPU
		{0D5454AF-D583-4A64-8C7E-1F59FB550057}.Release|Any CPU.ActiveCfg = Release|Any CPU
		{0D5454AF-D583-4A64-8C7E-1F59FB550057}.Release|Any CPU.Build.0 = Release|Any CPU
		{CF99B648-0B39-4464-A496-61F418215B15}.Debug|Any CPU.ActiveCfg = Debug|Any CPU
		{CF99B648-0B39-4464-A496-61F418215B15}.Debug|Any CPU.Build.0 = Debug|Any CPU
		{CF99B648-0B39-4464-A496-61F418215B15}.Release|Any CPU.ActiveCfg = Release|Any CPU
		{CF99B648-0B39-4464-A496-61F418215B15}.Release|Any CPU.Build.0 = Release|Any CPU
	EndGlobalSection
	GlobalSection(SolutionProperties) = preSolution
		HideSolutionNode = FALSE
	EndGlobalSection
	GlobalSection(ExtensibilityGlobals) = postSolution
		SolutionGuid = {EAEE6803-11B4-4C37-A537-FABCEA86C8EA}
	EndGlobalSection
EndGlobal
