
Microsoft Visual Studio Solution File, Format Version 12.00
# Visual Studio Version 17
VisualStudioVersion = 17.7.34302.85
MinimumVisualStudioVersion = 10.0.40219.1
Project("{9A19103F-16F7-4668-BE54-9A1E7A4F7556}") = "Transco.Api", "Transco.Api\Transco.Api.csproj", "{0D5454AF-D583-4A64-8C7E-1F59FB550057}"
EndProject
Project("{9A19103F-16F7-4668-BE54-9A1E7A4F7556}") = "Transco.Application", "Transco.Application\Transco.Application.csproj", "{9655F5C0-3CE6-4527-B1B6-16A75A5578AA}"
EndProject
Project("{9A19103F-16F7-4668-BE54-9A1E7A4F7556}") = "Transco.Domain", "Transco.Domain\Transco.Domain.csproj", "{56F0DCA4-BFD9-405F-8138-05B604693F6A}"
EndProject
Project("{9A19103F-16F7-4668-BE54-9A1E7A4F7556}") = "Transco.Infrastructure", "Transco.Infrastructure\Transco.Infrastructure.csproj", "{74FD7D21-A1C5-40F6-905D-AE3A30042323}"
EndProject
Global
	GlobalSection(SolutionConfigurationPlatforms) = preSolution
		Debug|Any CPU = Debug|Any CPU
		Release|Any CPU = Release|Any CPU
	EndGlobalSection
	GlobalSection(ProjectConfigurationPlatforms) = postSolution
		{0D5454AF-D583-4A64-8C7E-1F59FB550057}.Debug|Any CPU.ActiveCfg = Debug|Any CPU
		{0D5454AF-D583-4A64-8C7E-1F59FB550057}.Debug|Any CPU.Build.0 = Debug|Any CPU
		{0D5454AF-D583-4A64-8C7E-1F59FB550057}.Release|Any CPU.ActiveCfg = Release|Any CPU
		{0D5454AF-D583-4A64-8C7E-1F59FB550057}.Release|Any CPU.Build.0 = Release|Any CPU
		{9655F5C0-3CE6-4527-B1B6-16A75A5578AA}.Debug|Any CPU.ActiveCfg = Debug|Any CPU
		{9655F5C0-3CE6-4527-B1B6-16A75A5578AA}.Debug|Any CPU.Build.0 = Debug|Any CPU
		{9655F5C0-3CE6-4527-B1B6-16A75A5578AA}.Release|Any CPU.ActiveCfg = Release|Any CPU
		{9655F5C0-3CE6-4527-B1B6-16A75A5578AA}.Release|Any CPU.Build.0 = Release|Any CPU
		{56F0DCA4-BFD9-405F-8138-05B604693F6A}.Debug|Any CPU.ActiveCfg = Debug|Any CPU
		{56F0DCA4-BFD9-405F-8138-05B604693F6A}.Debug|Any CPU.Build.0 = Debug|Any CPU
		{56F0DCA4-BFD9-405F-8138-05B604693F6A}.Release|Any CPU.ActiveCfg = Release|Any CPU
		{56F0DCA4-BFD9-405F-8138-05B604693F6A}.Release|Any CPU.Build.0 = Release|Any CPU
		{74FD7D21-A1C5-40F6-905D-AE3A30042323}.Debug|Any CPU.ActiveCfg = Debug|Any CPU
		{74FD7D21-A1C5-40F6-905D-AE3A30042323}.Debug|Any CPU.Build.0 = Debug|Any CPU
		{74FD7D21-A1C5-40F6-905D-AE3A30042323}.Release|Any CPU.ActiveCfg = Release|Any CPU
		{74FD7D21-A1C5-40F6-905D-AE3A30042323}.Release|Any CPU.Build.0 = Release|Any CPU
	EndGlobalSection
	GlobalSection(SolutionProperties) = preSolution
		HideSolutionNode = FALSE
	EndGlobalSection
	GlobalSection(ExtensibilityGlobals) = postSolution
		SolutionGuid = {EAEE6803-11B4-4C37-A537-FABCEA86C8EA}
	EndGlobalSection
EndGlobal
